Microsoft Visual Studio Solution File, Format Version 12.00
# Visual Studio Version 17
VisualStudioVersion = 17.5.2.0
MinimumVisualStudioVersion = 10.0.40219.1
Project("{FAE04EC0-301F-11D3-BF4B-00C04F79EFBC}") = "Camt053", "Camt053\Camt053.csproj", "{0196EFA1-D905-E0F2-1C58-AD8DC4C21C8D}"
EndProject
Global
	GlobalSection(SolutionConfigurationPlatforms) = preSolution
		Debug|Any CPU = Debug|Any CPU
		Release|Any CPU = Release|Any CPU
	EndGlobalSection
	GlobalSection(ProjectConfigurationPlatforms) = postSolution
		{0196EFA1-D905-E0F2-1C58-AD8DC4C21C8D}.Debug|Any CPU.ActiveCfg = Debug|Any CPU
		{0196EFA1-D905-E0F2-1C58-AD8DC4C21C8D}.Debug|Any CPU.Build.0 = Debug|Any CPU
		{0196EFA1-D905-E0F2-1C58-AD8DC4C21C8D}.Release|Any CPU.ActiveCfg = Release|Any CPU
		{0196EFA1-D905-E0F2-1C58-AD8DC4C21C8D}.Release|Any CPU.Build.0 = Release|Any CPU
	EndGlobalSection
	GlobalSection(SolutionProperties) = preSolution
		HideSolutionNode = FALSE
	EndGlobalSection
	GlobalSection(ExtensibilityGlobals) = postSolution
		SolutionGuid = {8FB4341B-1E43-4120-845B-202F3D56139D}
	EndGlobalSection
EndGlobal
